
Microsoft Visual Studio Solution File, Format Version 12.00
# Visual Studio Version 17
VisualStudioVersion = 17.14.36623.8 d17.14
MinimumVisualStudioVersion = 10.0.40219.1
Project("{FAE04EC0-301F-11D3-BF4B-00C04F79EFBC}") = "OrnekProje", "OrnekProje\OrnekProje.csproj", "{CE23331E-0E6E-46E5-8803-BD6662A95607}"
EndProject
Global
	GlobalSection(SolutionConfigurationPlatforms) = preSolution
		Debug|Any CPU = Debug|Any CPU
		Release|Any CPU = Release|Any CPU
	EndGlobalSection
	GlobalSection(ProjectConfigurationPlatforms) = postSolution
		{CE23331E-0E6E-46E5-8803-BD6662A95607}.Debug|Any CPU.ActiveCfg = Debug|Any CPU
		{CE23331E-0E6E-46E5-8803-BD6662A95607}.Debug|Any CPU.Build.0 = Debug|Any CPU
		{CE23331E-0E6E-46E5-8803-BD6662A95607}.Release|Any CPU.ActiveCfg = Release|Any CPU
		{CE23331E-0E6E-46E5-8803-BD6662A95607}.Release|Any CPU.Build.0 = Release|Any CPU
	EndGlobalSection
	GlobalSection(SolutionProperties) = preSolution
		HideSolutionNode = FALSE
	EndGlobalSection
	GlobalSection(ExtensibilityGlobals) = postSolution
		SolutionGuid = {2BE9A88D-7C31-43C8-916B-CCFD39F74A6C}
	EndGlobalSection
EndGlobal
